
Microsoft Visual Studio Solution File, Format Version 12.00
# Visual Studio Version 17
VisualStudioVersion = 17.3.32819.101
MinimumVisualStudioVersion = 10.0.40219.1
Project("{FAE04EC0-301F-11D3-BF4B-00C04F79EFBC}") = "Contact.API", "Contact.API.csproj", "{B569A60C-4405-4BBA-9623-DD72023C0823}"
EndProject
Project("{FAE04EC0-301F-11D3-BF4B-00C04F79EFBC}") = "Contact.Models", "..\Contact.Models\Contact.Models.csproj", "{FD06FDEA-42AC-4D3D-8B93-545929CB70DA}"
EndProject
Project("{FAE04EC0-301F-11D3-BF4B-00C04F79EFBC}") = "Contact.Core", "..\Contact.Core\Contact.Core.csproj", "{A9AA7E9D-C4D2-456B-9058-5EDD773B69CD}"
EndProject
Project("{FAE04EC0-301F-11D3-BF4B-00C04F79EFBC}") = "Contact.Shared", "..\Contact.Shared\Contact.Shared.csproj", "{B7F81F44-48AD-4FD9-8D2E-761238903A6D}"
EndProject
Project("{FAE04EC0-301F-11D3-BF4B-00C04F79EFBC}") = "Contact.DataAccess", "..\Contact.DataAccess\Contact.DataAccess.csproj", "{C9FD6E4C-49FD-4647-9086-D528C7DD8318}"
EndProject
Project("{FAE04EC0-301F-11D3-BF4B-00C04F79EFBC}") = "Contact.BusinessLogic", "..\Contact.BusinessLogic\Contact.BusinessLogic.csproj", "{61805FA4-5942-46E0-B8ED-5ACFE8DCE2F3}"
EndProject
Global
	GlobalSection(SolutionConfigurationPlatforms) = preSolution
		Debug|Any CPU = Debug|Any CPU
		Release|Any CPU = Release|Any CPU
	EndGlobalSection
	GlobalSection(ProjectConfigurationPlatforms) = postSolution
		{B569A60C-4405-4BBA-9623-DD72023C0823}.Debug|Any CPU.ActiveCfg = Debug|Any CPU
		{B569A60C-4405-4BBA-9623-DD72023C0823}.Debug|Any CPU.Build.0 = Debug|Any CPU
		{B569A60C-4405-4BBA-9623-DD72023C0823}.Release|Any CPU.ActiveCfg = Release|Any CPU
		{B569A60C-4405-4BBA-9623-DD72023C0823}.Release|Any CPU.Build.0 = Release|Any CPU
		{FD06FDEA-42AC-4D3D-8B93-545929CB70DA}.Debug|Any CPU.ActiveCfg = Debug|Any CPU
		{FD06FDEA-42AC-4D3D-8B93-545929CB70DA}.Debug|Any CPU.Build.0 = Debug|Any CPU
		{FD06FDEA-42AC-4D3D-8B93-545929CB70DA}.Release|Any CPU.ActiveCfg = Release|Any CPU
		{FD06FDEA-42AC-4D3D-8B93-545929CB70DA}.Release|Any CPU.Build.0 = Release|Any CPU
		{A9AA7E9D-C4D2-456B-9058-5EDD773B69CD}.Debug|Any CPU.ActiveCfg = Debug|Any CPU
		{A9AA7E9D-C4D2-456B-9058-5EDD773B69CD}.Debug|Any CPU.Build.0 = Debug|Any CPU
		{A9AA7E9D-C4D2-456B-9058-5EDD773B69CD}.Release|Any CPU.ActiveCfg = Release|Any CPU
		{A9AA7E9D-C4D2-456B-9058-5EDD773B69CD}.Release|Any CPU.Build.0 = Release|Any CPU
		{B7F81F44-48AD-4FD9-8D2E-761238903A6D}.Debug|Any CPU.ActiveCfg = Debug|Any CPU
		{B7F81F44-48AD-4FD9-8D2E-761238903A6D}.Debug|Any CPU.Build.0 = Debug|Any CPU
		{B7F81F44-48AD-4FD9-8D2E-761238903A6D}.Release|Any CPU.ActiveCfg = Release|Any CPU
		{B7F81F44-48AD-4FD9-8D2E-761238903A6D}.Release|Any CPU.Build.0 = Release|Any CPU
		{C9FD6E4C-49FD-4647-9086-D528C7DD8318}.Debug|Any CPU.ActiveCfg = Debug|Any CPU
		{C9FD6E4C-49FD-4647-9086-D528C7DD8318}.Debug|Any CPU.Build.0 = Debug|Any CPU
		{C9FD6E4C-49FD-4647-9086-D528C7DD8318}.Release|Any CPU.ActiveCfg = Release|Any CPU
		{C9FD6E4C-49FD-4647-9086-D528C7DD8318}.Release|Any CPU.Build.0 = Release|Any CPU
		{61805FA4-5942-46E0-B8ED-5ACFE8DCE2F3}.Debug|Any CPU.ActiveCfg = Debug|Any CPU
		{61805FA4-5942-46E0-B8ED-5ACFE8DCE2F3}.Debug|Any CPU.Build.0 = Debug|Any CPU
		{61805FA4-5942-46E0-B8ED-5ACFE8DCE2F3}.Release|Any CPU.ActiveCfg = Release|Any CPU
		{61805FA4-5942-46E0-B8ED-5ACFE8DCE2F3}.Release|Any CPU.Build.0 = Release|Any CPU
	EndGlobalSection
	GlobalSection(SolutionProperties) = preSolution
		HideSolutionNode = FALSE
	EndGlobalSection
	GlobalSection(ExtensibilityGlobals) = postSolution
		SolutionGuid = {75C675B9-F7BB-4A80-B317-769756F2C53D}
	EndGlobalSection
EndGlobal
